
Microsoft Visual Studio Solution File, Format Version 12.00
# Visual Studio Version 17
VisualStudioVersion = 17.10.34928.147
MinimumVisualStudioVersion = 10.0.40219.1
Project("{9A19103F-16F7-4668-BE54-9A1E7A4F7556}") = "LanguageExchangeAPI", "LanguageExchangeAPI.csproj", "{12FA890A-E3A7-45CC-9F42-008C22E15492}"
EndProject
Project("{9A19103F-16F7-4668-BE54-9A1E7A4F7556}") = "LanguageExchange.Core", "LanguageExchange.Core\LanguageExchange.Core.csproj", "{817A15DE-0E7F-47B0-80F8-B6097F73C907}"
EndProject
Project("{9A19103F-16F7-4668-BE54-9A1E7A4F7556}") = "LanguageExchange.Application", "LanguageExchange.Application\LanguageExchange.Application.csproj", "{2A16C9A8-17F7-4545-B39D-FB4653827EA1}"
EndProject
Project("{9A19103F-16F7-4668-BE54-9A1E7A4F7556}") = "LanguageExchange.Infrastructure", "LanguageExchange.Infrastructure\LanguageExchange.Infrastructure.csproj", "{A24B4644-4E8E-470B-A7CE-672821EAA6F7}"
EndProject
Global
	GlobalSection(SolutionConfigurationPlatforms) = preSolution
		Debug|Any CPU = Debug|Any CPU
		Release|Any CPU = Release|Any CPU
	EndGlobalSection
	GlobalSection(ProjectConfigurationPlatforms) = postSolution
		{12FA890A-E3A7-45CC-9F42-008C22E15492}.Debug|Any CPU.ActiveCfg = Debug|Any CPU
		{12FA890A-E3A7-45CC-9F42-008C22E15492}.Debug|Any CPU.Build.0 = Debug|Any CPU
		{12FA890A-E3A7-45CC-9F42-008C22E15492}.Release|Any CPU.ActiveCfg = Release|Any CPU
		{12FA890A-E3A7-45CC-9F42-008C22E15492}.Release|Any CPU.Build.0 = Release|Any CPU
		{817A15DE-0E7F-47B0-80F8-B6097F73C907}.Debug|Any CPU.ActiveCfg = Debug|Any CPU
		{817A15DE-0E7F-47B0-80F8-B6097F73C907}.Debug|Any CPU.Build.0 = Debug|Any CPU
		{817A15DE-0E7F-47B0-80F8-B6097F73C907}.Release|Any CPU.ActiveCfg = Release|Any CPU
		{817A15DE-0E7F-47B0-80F8-B6097F73C907}.Release|Any CPU.Build.0 = Release|Any CPU
		{2A16C9A8-17F7-4545-B39D-FB4653827EA1}.Debug|Any CPU.ActiveCfg = Debug|Any CPU
		{2A16C9A8-17F7-4545-B39D-FB4653827EA1}.Debug|Any CPU.Build.0 = Debug|Any CPU
		{2A16C9A8-17F7-4545-B39D-FB4653827EA1}.Release|Any CPU.ActiveCfg = Release|Any CPU
		{2A16C9A8-17F7-4545-B39D-FB4653827EA1}.Release|Any CPU.Build.0 = Release|Any CPU
		{A24B4644-4E8E-470B-A7CE-672821EAA6F7}.Debug|Any CPU.ActiveCfg = Debug|Any CPU
		{A24B4644-4E8E-470B-A7CE-672821EAA6F7}.Debug|Any CPU.Build.0 = Debug|Any CPU
		{A24B4644-4E8E-470B-A7CE-672821EAA6F7}.Release|Any CPU.ActiveCfg = Release|Any CPU
		{A24B4644-4E8E-470B-A7CE-672821EAA6F7}.Release|Any CPU.Build.0 = Release|Any CPU
	EndGlobalSection
	GlobalSection(SolutionProperties) = preSolution
		HideSolutionNode = FALSE
	EndGlobalSection
	GlobalSection(ExtensibilityGlobals) = postSolution
		SolutionGuid = {BE4DE348-37C6-4BBE-BAC3-CE75ABB48B86}
	EndGlobalSection
EndGlobal
